{
  "name": "page-notes",
  "version": "1.0.0",
  "lockfileVersion": 1,
  "requires": true,
  "dependencies": {
    "acorn": {
      "version": "5.3.0",
      "resolved": "https://registry.npmjs.org/acorn/-/acorn-5.3.0.tgz",
      "integrity": "sha512-Yej+zOJ1Dm/IMZzzj78OntP/r3zHEaKcyNoU2lAaxPtrseM6rF0xwqoz5Q5ysAiED9hTjI2hgtvLXitlCN1/Ug=="
    },
    "amdefine": {
      "version": "1.0.1",
      "resolved": "https://registry.npmjs.org/amdefine/-/amdefine-1.0.1.tgz",
      "integrity": "sha1-SlKCrBZHKek2Gbz9OtFR+BfOkfU="
    },
    "ancestors": {
      "version": "0.0.3",
      "resolved": "https://registry.npmjs.org/ancestors/-/ancestors-0.0.3.tgz",
      "integrity": "sha1-Ek65RER9aLMCBXBH0V0Hep2lF50=",
      "dev": true
    },
    "argsarray": {
      "version": "0.0.1",
      "resolved": "https://registry.npmjs.org/argsarray/-/argsarray-0.0.1.tgz",
      "integrity": "sha1-bnIHtOzbObCviDA/pa4ivajfYcs="
    },
    "ast-types": {
      "version": "0.9.6",
      "resolved": "https://registry.npmjs.org/ast-types/-/ast-types-0.9.6.tgz",
      "integrity": "sha1-ECyenpAF0+fjgpvwxPok7oYu6bk="
    },
    "balanced-match": {
      "version": "1.0.0",
      "resolved": "https://registry.npmjs.org/balanced-match/-/balanced-match-1.0.0.tgz",
      "integrity": "sha1-ibTRmasr7kneFk6gK4nORi1xt2c="
    },
    "base62": {
      "version": "1.2.1",
      "resolved": "https://registry.npmjs.org/base62/-/base62-1.2.1.tgz",
      "integrity": "sha512-xVtfFHNPUzpCNHygpXFGMlDk3saxXLQcOOQzAAk6ibvlAHgT6WKXLv9rMFhcyEK1n9LuDmp/LxyGW/Fm9L8++g=="
    },
    "brace-expansion": {
      "version": "1.1.8",
      "resolved": "https://registry.npmjs.org/brace-expansion/-/brace-expansion-1.1.8.tgz",
      "integrity": "sha1-wHshHHyVLsH479Uad+8NHTmQopI=",
      "requires": {
        "balanced-match": "1.0.0",
        "concat-map": "0.0.1"
      }
    },
    "commander": {
      "version": "2.12.2",
      "resolved": "https://registry.npmjs.org/commander/-/commander-2.12.2.tgz",
      "integrity": "sha512-BFnaq5ZOGcDN7FlrtBT4xxkgIToalIIxwjxLWVJ8bGTpe1LroqMiqQXdA7ygc7CRvaYS+9zfPGFnJqFSayx+AA=="
    },
    "commoner": {
      "version": "0.10.8",
      "resolved": "https://registry.npmjs.org/commoner/-/commoner-0.10.8.tgz",
      "integrity": "sha1-NPw2cs0kOT6LtH5wyqApOBH08sU=",
      "requires": {
        "commander": "2.12.2",
        "detective": "4.7.1",
        "glob": "5.0.15",
        "graceful-fs": "4.1.11",
        "iconv-lite": "0.4.19",
        "mkdirp": "0.5.1",
        "private": "0.1.8",
        "q": "1.5.1",
        "recast": "0.11.23"
      }
    },
    "concat-map": {
      "version": "0.0.1",
      "resolved": "https://registry.npmjs.org/concat-map/-/concat-map-0.0.1.tgz",
      "integrity": "sha1-2Klr13/Wjfd5OnMDajug1UBdR3s="
    },
    "core-util-is": {
      "version": "1.0.2",
      "resolved": "https://registry.npmjs.org/core-util-is/-/core-util-is-1.0.2.tgz",
      "integrity": "sha1-tf1UIgqivFq1eqtxQMlAdUUDwac="
    },
    "debug": {
      "version": "3.0.1",
      "resolved": "https://registry.npmjs.org/debug/-/debug-3.0.1.tgz",
      "integrity": "sha512-6nVc6S36qbt/mutyt+UGMnawAMrPDZUPQjRZI3FS9tCtDRhvxJbK79unYBLPi+z5SLXQ3ftoVBFCblQtNSls8w==",
      "requires": {
        "ms": "2.0.0"
      }
    },
    "defined": {
      "version": "1.0.0",
      "resolved": "https://registry.npmjs.org/defined/-/defined-1.0.0.tgz",
      "integrity": "sha1-yY2bzvdWdBiOEQlpFRGZ45sfppM="
    },
    "detective": {
      "version": "4.7.1",
      "resolved": "https://registry.npmjs.org/detective/-/detective-4.7.1.tgz",
      "integrity": "sha512-H6PmeeUcZloWtdt4DAkFyzFL94arpHr3NOwwmVILFiy+9Qd4JTxxXrzfyGk/lmct2qVGBwTSwSXagqu2BxmWig==",
      "requires": {
        "acorn": "5.3.0",
        "defined": "1.0.0"
      }
    },
    "diff-match-patch": {
      "version": "1.0.0",
      "resolved": "https://registry.npmjs.org/diff-match-patch/-/diff-match-patch-1.0.0.tgz",
      "integrity": "sha1-HMPIOkkNZ/ldkeOfatHy4Ia2MEg=",
      "dev": true
    },
    "dom-anchor-text-position": {
      "version": "3.0.3",
      "resolved": "https://registry.npmjs.org/dom-anchor-text-position/-/dom-anchor-text-position-3.0.3.tgz",
      "integrity": "sha1-NvfD1xmHYtdRq+3TNbGCX8S2fU8=",
      "dev": true,
      "requires": {
        "dom-node-iterator": "3.5.3",
        "dom-seek": "4.0.3"
      }
    },
    "dom-anchor-text-quote": {
      "version": "3.0.0",
      "resolved": "https://registry.npmjs.org/dom-anchor-text-quote/-/dom-anchor-text-quote-3.0.0.tgz",
      "integrity": "sha1-0MM6BbLCR/SFSK+Ly255ZBZcX6c=",
      "dev": true,
      "requires": {
        "diff-match-patch": "1.0.0",
        "dom-anchor-text-position": "3.0.3"
      }
    },
    "dom-node-iterator": {
      "version": "3.5.3",
      "resolved": "https://registry.npmjs.org/dom-node-iterator/-/dom-node-iterator-3.5.3.tgz",
      "integrity": "sha1-MraKpECWLxc0SHAp9USj23BGN7c=",
      "dev": true
    },
    "dom-seek": {
      "version": "4.0.3",
      "resolved": "https://registry.npmjs.org/dom-seek/-/dom-seek-4.0.3.tgz",
      "integrity": "sha1-8U3d8Es/sGLZAcewCwwUKgbgqUs=",
      "dev": true,
      "requires": {
        "ancestors": "0.0.3",
        "index-of": "0.2.0"
      }
    },
    "es3ify": {
      "version": "0.2.2",
      "resolved": "https://registry.npmjs.org/es3ify/-/es3ify-0.2.2.tgz",
      "integrity": "sha1-Xa4+ZQ5b42hLiAZlE9Uo0JJimGI=",
      "requires": {
        "esprima": "2.7.3",
        "jstransform": "11.0.3",
        "through": "2.3.8"
      }
    },
    "esmangle-evaluator": {
      "version": "1.0.1",
      "resolved": "https://registry.npmjs.org/esmangle-evaluator/-/esmangle-evaluator-1.0.1.tgz",
      "integrity": "sha1-Yg2GbvSGGzMR91dm1SqFcrs8YzY="
    },
    "esprima": {
      "version": "2.7.3",
      "resolved": "https://registry.npmjs.org/esprima/-/esprima-2.7.3.tgz",
      "integrity": "sha1-luO3DVd59q1JzQMmc9HDEnZ7pYE="
    },
    "falafel": {
      "version": "1.2.0",
      "resolved": "https://registry.npmjs.org/falafel/-/falafel-1.2.0.tgz",
      "integrity": "sha1-wY0k71CRF0pJfzGM0ksCaiXN2rQ=",
      "requires": {
        "acorn": "1.2.2",
        "foreach": "2.0.5",
        "isarray": "0.0.1",
        "object-keys": "1.0.11"
      },
      "dependencies": {
        "acorn": {
          "version": "1.2.2",
          "resolved": "https://registry.npmjs.org/acorn/-/acorn-1.2.2.tgz",
          "integrity": "sha1-yM4n3grMdtiW0rH6099YjZ6C8BQ="
        }
      }
    },
    "foreach": {
      "version": "2.0.5",
      "resolved": "https://registry.npmjs.org/foreach/-/foreach-2.0.5.tgz",
      "integrity": "sha1-C+4AUBiusmDQo6865ljdATbsG5k="
    },
    "glob": {
      "version": "5.0.15",
      "resolved": "https://registry.npmjs.org/glob/-/glob-5.0.15.tgz",
      "integrity": "sha1-G8k2ueAvSmA/zCIuz3Yz0wuLk7E=",
      "requires": {
        "inflight": "1.0.6",
        "inherits": "2.0.3",
        "minimatch": "3.0.4",
        "once": "1.4.0",
        "path-is-absolute": "1.0.1"
      }
    },
    "graceful-fs": {
      "version": "4.1.11",
      "resolved": "https://registry.npmjs.org/graceful-fs/-/graceful-fs-4.1.11.tgz",
      "integrity": "sha1-Dovf5NHduIVNZOBOp8AOKgJuVlg="
    },
    "iconv-lite": {
      "version": "0.4.19",
      "resolved": "https://registry.npmjs.org/iconv-lite/-/iconv-lite-0.4.19.tgz",
      "integrity": "sha512-oTZqweIP51xaGPI4uPa56/Pri/480R+mo7SeU+YETByQNhDG55ycFyNLIgta9vXhILrxXDmF7ZGhqZIcuN0gJQ=="
    },
    "immediate": {
      "version": "3.0.6",
      "resolved": "https://registry.npmjs.org/immediate/-/immediate-3.0.6.tgz",
      "integrity": "sha1-nbHb0Pr43m++D13V5Wu2BigN5ps="
    },
    "index-of": {
      "version": "0.2.0",
      "resolved": "https://registry.npmjs.org/index-of/-/index-of-0.2.0.tgz",
      "integrity": "sha1-OMHiNn6lXf+tO261kuwcwwkNfWU=",
      "dev": true
    },
    "inflight": {
      "version": "1.0.6",
      "resolved": "https://registry.npmjs.org/inflight/-/inflight-1.0.6.tgz",
      "integrity": "sha1-Sb1jMdfQLQwJvJEKEHW6gWW1bfk=",
      "requires": {
        "once": "1.4.0",
        "wrappy": "1.0.2"
      }
    },
    "inherits": {
      "version": "2.0.3",
      "resolved": "https://registry.npmjs.org/inherits/-/inherits-2.0.3.tgz",
      "integrity": "sha1-Yzwsg+PaQqUC9SRmAiSA9CCCYd4="
    },
    "inline-process-browser": {
      "version": "1.0.0",
      "resolved": "https://registry.npmjs.org/inline-process-browser/-/inline-process-browser-1.0.0.tgz",
      "integrity": "sha1-RqYbFT3TybFiSxoAYm7bT39BTyI=",
      "requires": {
        "falafel": "1.2.0",
        "through2": "0.6.5"
      }
    },
    "is-array": {
      "version": "1.0.1",
      "resolved": "https://registry.npmjs.org/is-array/-/is-array-1.0.1.tgz",
      "integrity": "sha1-6YUMwsyGDDvAl36EzPDdRkWEJ5o="
    },
    "isarray": {
      "version": "0.0.1",
      "resolved": "https://registry.npmjs.org/isarray/-/isarray-0.0.1.tgz",
      "integrity": "sha1-ihis/Kmo9Bd+Cav8YDiTmwXR7t8="
    },
    "jstransform": {
      "version": "11.0.3",
      "resolved": "https://registry.npmjs.org/jstransform/-/jstransform-11.0.3.tgz",
      "integrity": "sha1-CaeJk+CuTU70SH9hVakfYZDLQiM=",
      "requires": {
        "base62": "1.2.1",
        "commoner": "0.10.8",
        "esprima-fb": "15001.1.0-dev-harmony-fb",
        "object-assign": "2.1.1",
        "source-map": "0.4.4"
      },
      "dependencies": {
        "esprima-fb": {
          "version": "15001.1.0-dev-harmony-fb",
          "resolved": "https://registry.npmjs.org/esprima-fb/-/esprima-fb-15001.1.0-dev-harmony-fb.tgz",
          "integrity": "sha1-MKlHMDxrjV6VW+4rmbHSMyBqaQE="
        }
      }
    },
    "lie": {
      "version": "3.1.1",
      "resolved": "https://registry.npmjs.org/lie/-/lie-3.1.1.tgz",
      "integrity": "sha1-mkNrLMd0bKWd56QfpGmz77dr2H4=",
      "requires": {
        "immediate": "3.0.6"
      }
    },
    "minimatch": {
      "version": "3.0.4",
      "resolved": "https://registry.npmjs.org/minimatch/-/minimatch-3.0.4.tgz",
      "integrity": "sha512-yJHVQEhyqPLUTgt9B83PXu6W3rx4MvvHvSUvToogpwoGDOUQ+yDrR0HRot+yOCdCO7u4hX3pWft6kWBBcqh0UA==",
      "requires": {
        "brace-expansion": "1.1.8"
      }
    },
    "minimist": {
      "version": "0.0.8",
      "resolved": "https://registry.npmjs.org/minimist/-/minimist-0.0.8.tgz",
      "integrity": "sha1-hX/Kv8M5fSYluCKCYuhqp6ARsF0="
    },
    "mkdirp": {
      "version": "0.5.1",
      "resolved": "https://registry.npmjs.org/mkdirp/-/mkdirp-0.5.1.tgz",
      "integrity": "sha1-MAV0OOrGz3+MR2fzhkjWaX11yQM=",
      "requires": {
        "minimist": "0.0.8"
      }
    },
    "ms": {
      "version": "2.0.0",
      "resolved": "https://registry.npmjs.org/ms/-/ms-2.0.0.tgz",
      "integrity": "sha1-VgiurfwAvmwpAd9fmGF4jeDVl8g="
    },
    "mustache": {
      "version": "2.3.0",
      "resolved": "https://registry.npmjs.org/mustache/-/mustache-2.3.0.tgz",
      "integrity": "sha1-QCj3d4sXcIpImTCm5SrDvKDaQdA="
    },
    "object-assign": {
      "version": "2.1.1",
      "resolved": "https://registry.npmjs.org/object-assign/-/object-assign-2.1.1.tgz",
      "integrity": "sha1-Q8NuXVaf+OSBbE76i+AtJpZ8GKo="
    },
    "object-keys": {
      "version": "1.0.11",
      "resolved": "https://registry.npmjs.org/object-keys/-/object-keys-1.0.11.tgz",
      "integrity": "sha1-xUYBd4rVYPEULODgG8yotW0TQm0="
    },
    "once": {
      "version": "1.4.0",
      "resolved": "https://registry.npmjs.org/once/-/once-1.4.0.tgz",
      "integrity": "sha1-WDsap3WWHUsROsF9nFC6753Xa9E=",
      "requires": {
        "wrappy": "1.0.2"
      }
    },
    "path-is-absolute": {
      "version": "1.0.1",
      "resolved": "https://registry.npmjs.org/path-is-absolute/-/path-is-absolute-1.0.1.tgz",
      "integrity": "sha1-F0uSaHNVNP+8es5r9TpanhtcX18="
    },
    "pouchdb-browser": {
      "version": "6.4.1",
      "resolved": "https://registry.npmjs.org/pouchdb-browser/-/pouchdb-browser-6.4.1.tgz",
      "integrity": "sha512-2a9Lh7rq9qNGI8iobisAUyGPuYt1okzJ7C2FNNO4xgdZCb1llmg/kFNIoVIPkKsIAIYjw0x6GYfcfOR9w4G6uw==",
      "requires": {
        "argsarray": "0.0.1",
        "debug": "3.0.1",
        "immediate": "3.0.6",
        "inherits": "2.0.3",
        "lie": "3.1.1",
        "spark-md5": "3.0.0",
        "uuid": "3.1.0",
        "vuvuzela": "1.0.3"
      }
    },
    "pouchdb-collate": {
      "version": "1.2.0",
      "resolved": "https://registry.npmjs.org/pouchdb-collate/-/pouchdb-collate-1.2.0.tgz",
      "integrity": "sha1-yuO4MPyhJLf5fSMEbk+qMR7Dgow="
    },
    "pouchdb-extend": {
      "version": "0.1.2",
      "resolved": "https://registry.npmjs.org/pouchdb-extend/-/pouchdb-extend-0.1.2.tgz",
      "integrity": "sha1-0c5RG/cE7S4p979CikFqz/+hJLg="
    },
    "pouchdb-find": {
      "version": "0.10.5",
      "resolved": "https://registry.npmjs.org/pouchdb-find/-/pouchdb-find-0.10.5.tgz",
      "integrity": "sha1-NPKFuKVklqmPnO8uGh9qCqxOros=",
      "requires": {
        "argsarray": "0.0.1",
        "debug": "2.6.9",
        "inherits": "2.0.3",
        "is-array": "1.0.1",
        "pouchdb-collate": "1.2.0",
        "pouchdb-extend": "0.1.2",
        "pouchdb-promise": "5.4.0",
        "pouchdb-upsert": "2.0.2",
        "spark-md5": "2.0.2"
      },
      "dependencies": {
        "debug": {
          "version": "2.6.9",
          "resolved": "https://registry.npmjs.org/debug/-/debug-2.6.9.tgz",
          "integrity": "sha512-bC7ElrdJaJnPbAP+1EotYvqZsb3ecl5wi6Bfi6BJTUcNowp6cvspg0jXznRTKDjm/E7AdgFBVeAPVMNcKGsHMA==",
          "requires": {
            "ms": "2.0.0"
          }
        },
        "spark-md5": {
          "version": "2.0.2",
          "resolved": "https://registry.npmjs.org/spark-md5/-/spark-md5-2.0.2.tgz",
          "integrity": "sha1-N7djhHdjrn56zvLKUjPQHmSaeLc="
        }
      }
    },
    "pouchdb-promise": {
      "version": "5.4.0",
      "resolved": "https://registry.npmjs.org/pouchdb-promise/-/pouchdb-promise-5.4.0.tgz",
      "integrity": "sha1-4nesa9oayFBFl6u1xDp8Op5Whm8=",
      "requires": {
        "lie": "3.0.4"
      },
      "dependencies": {
        "lie": {
          "version": "3.0.4",
          "resolved": "https://registry.npmjs.org/lie/-/lie-3.0.4.tgz",
          "integrity": "sha1-vHrh6+fxyN45r9zU94kHa0ew9jQ=",
          "requires": {
            "es3ify": "0.2.2",
            "immediate": "3.0.6",
            "inline-process-browser": "1.0.0",
            "unreachable-branch-transform": "0.3.0"
          }
        }
      }
    },
    "pouchdb-upsert": {
      "version": "2.0.2",
      "resolved": "https://registry.npmjs.org/pouchdb-upsert/-/pouchdb-upsert-2.0.2.tgz",
      "integrity": "sha1-x0bMmUXlLYx45C9jreBmZ3eZZxI=",
      "requires": {
        "pouchdb-promise": "5.4.5"
      },
      "dependencies": {
        "lie": {
          "version": "3.0.4",
          "resolved": "https://registry.npmjs.org/lie/-/lie-3.0.4.tgz",
          "integrity": "sha1-vHrh6+fxyN45r9zU94kHa0ew9jQ=",
          "requires": {
            "es3ify": "0.2.2",
            "immediate": "3.0.6",
            "inline-process-browser": "1.0.0",
            "unreachable-branch-transform": "0.3.0"
          }
        },
        "pouchdb-promise": {
          "version": "5.4.5",
          "resolved": "https://registry.npmjs.org/pouchdb-promise/-/pouchdb-promise-5.4.5.tgz",
          "integrity": "sha1-XCppdZFB63O+HhcuUi/YTaLgdS4=",
          "requires": {
            "lie": "3.0.4"
          }
        }
      }
    },
    "private": {
      "version": "0.1.8",
      "resolved": "https://registry.npmjs.org/private/-/private-0.1.8.tgz",
      "integrity": "sha512-VvivMrbvd2nKkiG38qjULzlc+4Vx4wm/whI9pQD35YrARNnhxeiRktSOhSukRLFNlzg6Br/cJPet5J/u19r/mg=="
    },
    "q": {
      "version": "1.5.1",
      "resolved": "https://registry.npmjs.org/q/-/q-1.5.1.tgz",
      "integrity": "sha1-fjL3W0E4EpHQRhHxvxQQmsAGUdc="
    },
    "readable-stream": {
      "version": "1.0.34",
      "resolved": "https://registry.npmjs.org/readable-stream/-/readable-stream-1.0.34.tgz",
      "integrity": "sha1-Elgg40vIQtLyqq+v5MKRbuMsFXw=",
      "requires": {
        "core-util-is": "1.0.2",
        "inherits": "2.0.3",
        "isarray": "0.0.1",
        "string_decoder": "0.10.31"
      }
    },
    "recast": {
      "version": "0.11.23",
      "resolved": "https://registry.npmjs.org/recast/-/recast-0.11.23.tgz",
      "integrity": "sha1-RR/TAEqx5N+bTktmN2sqIZEkYtM=",
      "requires": {
        "ast-types": "0.9.6",
        "esprima": "3.1.3",
        "private": "0.1.8",
        "source-map": "0.5.7"
      },
      "dependencies": {
        "esprima": {
          "version": "3.1.3",
          "resolved": "https://registry.npmjs.org/esprima/-/esprima-3.1.3.tgz",
          "integrity": "sha1-/cpRzuYTOJXjyI1TXOSdv/YqRjM="
        },
        "source-map": {
          "version": "0.5.7",
          "resolved": "https://registry.npmjs.org/source-map/-/source-map-0.5.7.tgz",
          "integrity": "sha1-igOdLRAh0i0eoUyA2OpGi6LvP8w="
        }
      }
    },
    "source-map": {
      "version": "0.4.4",
      "resolved": "https://registry.npmjs.org/source-map/-/source-map-0.4.4.tgz",
      "integrity": "sha1-66T12pwNyZneaAMti092FzZSA2s=",
      "requires": {
        "amdefine": "1.0.1"
      }
    },
    "spark-md5": {
      "version": "3.0.0",
      "resolved": "https://registry.npmjs.org/spark-md5/-/spark-md5-3.0.0.tgz",
      "integrity": "sha1-NyIifFTi+vJLHcbZM8wUTm9xv+8="
    },
    "string_decoder": {
      "version": "0.10.31",
      "resolved": "https://registry.npmjs.org/string_decoder/-/string_decoder-0.10.31.tgz",
      "integrity": "sha1-YuIDvEF2bGwoyfyEMB2rHFMQ+pQ="
    },
    "through": {
      "version": "2.3.8",
      "resolved": "https://registry.npmjs.org/through/-/through-2.3.8.tgz",
      "integrity": "sha1-DdTJ/6q8NXlgsbckEV1+Doai4fU="
    },
    "through2": {
      "version": "0.6.5",
      "resolved": "https://registry.npmjs.org/through2/-/through2-0.6.5.tgz",
      "integrity": "sha1-QaucZ7KdVyCQcUEOHXp6lozTrUg=",
      "requires": {
        "readable-stream": "1.0.34",
        "xtend": "4.0.1"
      }
    },
    "unreachable-branch-transform": {
      "version": "0.3.0",
      "resolved": "https://registry.npmjs.org/unreachable-branch-transform/-/unreachable-branch-transform-0.3.0.tgz",
      "integrity": "sha1-2ZzExudG0mSSiEW2EdtUsPNHTKo=",
      "requires": {
        "esmangle-evaluator": "1.0.1",
        "recast": "0.10.43",
        "through2": "0.6.5"
      },
      "dependencies": {
        "ast-types": {
          "version": "0.8.15",
          "resolved": "https://registry.npmjs.org/ast-types/-/ast-types-0.8.15.tgz",
          "integrity": "sha1-ju8IJ/BN/w7IhXupJavj/qYZTlI="
        },
        "esprima-fb": {
          "version": "15001.1001.0-dev-harmony-fb",
          "resolved": "https://registry.npmjs.org/esprima-fb/-/esprima-fb-15001.1001.0-dev-harmony-fb.tgz",
          "integrity": "sha1-Q761fsJujPI3092LM+QlM1d/Jlk="
        },
        "recast": {
          "version": "0.10.43",
          "resolved": "https://registry.npmjs.org/recast/-/recast-0.10.43.tgz",
          "integrity": "sha1-uV1Q9tYHYaX2JS4V2AZ4FoSRzn8=",
          "requires": {
            "ast-types": "0.8.15",
            "esprima-fb": "15001.1001.0-dev-harmony-fb",
            "private": "0.1.8",
            "source-map": "0.5.7"
          }
        },
        "source-map": {
          "version": "0.5.7",
          "resolved": "https://registry.npmjs.org/source-map/-/source-map-0.5.7.tgz",
          "integrity": "sha1-igOdLRAh0i0eoUyA2OpGi6LvP8w="
        }
      }
    },
    "uuid": {
      "version": "3.1.0",
      "resolved": "https://registry.npmjs.org/uuid/-/uuid-3.1.0.tgz",
      "integrity": "sha512-DIWtzUkw04M4k3bf1IcpS2tngXEL26YUD2M0tMDUpnUrz2hgzUBlD55a4FjdLGPvfHxS6uluGWvaVEqgBcVa+g=="
    },
    "vuvuzela": {
      "version": "1.0.3",
      "resolved": "https://registry.npmjs.org/vuvuzela/-/vuvuzela-1.0.3.tgz",
      "integrity": "sha1-O+FF5YJxxzylUnndhR8SpoIRSws="
    },
    "wrap-range-text": {
      "version": "1.0.1",
      "resolved": "https://registry.npmjs.org/wrap-range-text/-/wrap-range-text-1.0.1.tgz",
      "integrity": "sha1-YZZGpRcM/+wflPGSghqil1sMthw="
    },
    "wrappy": {
      "version": "1.0.2",
      "resolved": "https://registry.npmjs.org/wrappy/-/wrappy-1.0.2.tgz",
      "integrity": "sha1-tSQ9jz7BqjXxNkYFvA0QNuMKtp8="
    },
    "xtend": {
      "version": "4.0.1",
      "resolved": "https://registry.npmjs.org/xtend/-/xtend-4.0.1.tgz",
      "integrity": "sha1-pcbVMr5lbiPbgg77lDofBJmNY68="
    }
  }
}
